{
    "name": "nodejs-testing",
    "lockfileVersion": 3,
    "requires": true,
    "packages": {
        "": {
            "name": "nodejs-testing",
            "dependencies": {
                "@gar/emoji-regex": "10.4.0"
            }
        },
        "node_modules/@gar/emoji-regex": {
            "version": "10.4.0",
            "resolved": "https://europe-west8-npm.pkg.dev/git-credential-helper-dev/nodejs-test-repository/@gar/emoji-regex/-/@gar/emoji-regex-10.4.0.tgz",
            "integrity": "sha512-uhjv2Swf8hAo8WosWflope+tjjGsiA/SvttVUgB5CKVVesg1ZW1WJ55hEeCDodpIMj0ttYj5dqBCdkZASVKMmg==",
            "license": "MIT"
        }
    }
}
